# This file is automatically @generated by Poetry 1.8.3 and should not be changed by hand.

[[package]]
name = "black"
version = "22.6.0"
description = "The uncompromising code formatter."
optional = false
python-versions = ">=3.6.2"
files = [
    {file = "black-22.6.0-cp310-cp310-macosx_10_9_universal2.whl", hash = "sha256:f586c26118bc6e714ec58c09df0157fe2d9ee195c764f630eb0d8e7ccce72e69"},
    {file = "black-22.6.0-cp310-cp310-macosx_10_9_x86_64.whl", hash = "sha256:b270a168d69edb8b7ed32c193ef10fd27844e5c60852039599f9184460ce0807"},
    {file = "black-22.6.0-cp310-cp310-macosx_11_0_arm64.whl", hash = "sha256:6797f58943fceb1c461fb572edbe828d811e719c24e03375fd25170ada53825e"},
    {file = "black-22.6.0-cp310-cp310-manylinux_2_17_x86_64.manylinux2014_x86_64.whl", hash = "sha256:c85928b9d5f83b23cee7d0efcb310172412fbf7cb9d9ce963bd67fd141781def"},
    {file = "black-22.6.0-cp310-cp310-win_amd64.whl", hash = "sha256:f6fe02afde060bbeef044af7996f335fbe90b039ccf3f5eb8f16df8b20f77666"},
    {file = "black-22.6.0-cp36-cp36m-macosx_10_9_x86_64.whl", hash = "sha256:cfaf3895a9634e882bf9d2363fed5af8888802d670f58b279b0bece00e9a872d"},
    {file = "black-22.6.0-cp36-cp36m-manylinux_2_17_x86_64.manylinux2014_x86_64.whl", hash = "sha256:94783f636bca89f11eb5d50437e8e17fbc6a929a628d82304c80fa9cd945f256"},
    {file = "black-22.6.0-cp36-cp36m-win_amd64.whl", hash = "sha256:2ea29072e954a4d55a2ff58971b83365eba5d3d357352a07a7a4df0d95f51c78"},
    {file = "black-22.6.0-cp37-cp37m-macosx_10_9_x86_64.whl", hash = "sha256:e439798f819d49ba1c0bd9664427a05aab79bfba777a6db94fd4e56fae0cb849"},
    {file = "black-22.6.0-cp37-cp37m-manylinux_2_17_x86_64.manylinux2014_x86_64.whl", hash = "sha256:187d96c5e713f441a5829e77120c269b6514418f4513a390b0499b0987f2ff1c"},
    {file = "black-22.6.0-cp37-cp37m-win_amd64.whl", hash = "sha256:074458dc2f6e0d3dab7928d4417bb6957bb834434516f21514138437accdbe90"},
    {file = "black-22.6.0-cp38-cp38-macosx_10_9_universal2.whl", hash = "sha256:a218d7e5856f91d20f04e931b6f16d15356db1c846ee55f01bac297a705ca24f"},
    {file = "black-22.6.0-cp38-cp38-macosx_10_9_x86_64.whl", hash = "sha256:568ac3c465b1c8b34b61cd7a4e349e93f91abf0f9371eda1cf87194663ab684e"},
    {file = "black-22.6.0-cp38-cp38-macosx_11_0_arm64.whl", hash = "sha256:6c1734ab264b8f7929cef8ae5f900b85d579e6cbfde09d7387da8f04771b51c6"},
    {file = "black-22.6.0-cp38-cp38-manylinux_2_17_x86_64.manylinux2014_x86_64.whl", hash = "sha256:c9a3ac16efe9ec7d7381ddebcc022119794872abce99475345c5a61aa18c45ad"},
    {file = "black-22.6.0-cp38-cp38-win_amd64.whl", hash = "sha256:b9fd45787ba8aa3f5e0a0a98920c1012c884622c6c920dbe98dbd05bc7c70fbf"},
    {file = "black-22.6.0-cp39-cp39-macosx_10_9_universal2.whl", hash = "sha256:7ba9be198ecca5031cd78745780d65a3f75a34b2ff9be5837045dce55db83d1c"},
    {file = "black-22.6.0-cp39-cp39-macosx_10_9_x86_64.whl", hash = "sha256:a3db5b6409b96d9bd543323b23ef32a1a2b06416d525d27e0f67e74f1446c8f2"},
    {file = "black-22.6.0-cp39-cp39-macosx_11_0_arm64.whl", hash = "sha256:560558527e52ce8afba936fcce93a7411ab40c7d5fe8c2463e279e843c0328ee"},
    {file = "black-22.6.0-cp39-cp39-manylinux_2_17_x86_64.manylinux2014_x86_64.whl", hash = "sha256:b154e6bbde1e79ea3260c4b40c0b7b3109ffcdf7bc4ebf8859169a6af72cd70b"},
    {file = "black-22.6.0-cp39-cp39-win_amd64.whl", hash = "sha256:4af5bc0e1f96be5ae9bd7aaec219c901a94d6caa2484c21983d043371c733fc4"},
    {file = "black-22.6.0-py3-none-any.whl", hash = "sha256:ac609cf8ef5e7115ddd07d85d988d074ed00e10fbc3445aee393e70164a2219c"},
    {file = "black-22.6.0.tar.gz", hash = "sha256:6c6d39e28aed379aec40da1c65434c77d75e65bb59a1e1c283de545fb4e7c6c9"},
]

[package.dependencies]
click = ">=8.0.0"
mypy-extensions = ">=0.4.3"
pathspec = ">=0.9.0"
platformdirs = ">=2"
tomli = {version = ">=1.1.0", markers = "python_full_version < \"3.11.0a7\""}
typing-extensions = {version = ">=3.10.0.0", markers = "python_version < \"3.10\""}

[package.extras]
colorama = ["colorama (>=0.4.3)"]
d = ["aiohttp (>=3.7.4)"]
jupyter = ["ipython (>=7.8.0)", "tokenize-rt (>=3.2.0)"]
uvloop = ["uvloop (>=0.15.2)"]

[[package]]
name = "click"
version = "8.1.3"
description = "Composable command line interface toolkit"
optional = false
python-versions = ">=3.7"
files = [
    {file = "click-8.1.3-py3-none-any.whl", hash = "sha256:bb4d8133cb15a609f44e8213d9b391b0809795062913b383c62be0ee95b1db48"},
    {file = "click-8.1.3.tar.gz", hash = "sha256:7682dc8afb30297001674575ea00d1814d808d6a36af415a82bd481d37ba7b8e"},
]

[package.dependencies]
colorama = {version = "*", markers = "platform_system == \"Windows\""}

[[package]]
name = "colorama"
version = "0.4.5"
description = "Cross-platform colored terminal text."
optional = false
python-versions = ">=2.7, !=3.0.*, !=3.1.*, !=3.2.*, !=3.3.*, !=3.4.*"
files = [
    {file = "colorama-0.4.5-py2.py3-none-any.whl", hash = "sha256:854bf444933e37f5824ae7bfc1e98d5bce2ebe4160d46b5edf346a89358e99da"},
    {file = "colorama-0.4.5.tar.gz", hash = "sha256:e6c6b4334fc50988a639d9b98aa429a0b57da6e17b9a44f0451f930b6967b7a4"},
]

[[package]]
name = "isort"
version = "5.10.1"
description = "A Python utility / library to sort Python imports."
optional = false
python-versions = ">=3.6.1,<4.0"
files = [
    {file = "isort-5.10.1-py3-none-any.whl", hash = "sha256:6f62d78e2f89b4500b080fe3a81690850cd254227f27f75c3a0c491a1f351ba7"},
    {file = "isort-5.10.1.tar.gz", hash = "sha256:e8443a5e7a020e9d7f97f1d7d9cd17c88bcb3bc7e218bf9cf5095fe550be2951"},
]

[package.extras]
colors = ["colorama (>=0.4.3,<0.5.0)"]
pipfile-deprecated-finder = ["pipreqs", "requirementslib"]
plugins = ["setuptools"]
requirements-deprecated-finder = ["pip-api", "pipreqs"]

[[package]]
name = "mypy-extensions"
version = "0.4.3"
description = "Experimental type system extensions for programs checked with the mypy typechecker."
optional = false
python-versions = "*"
files = [
    {file = "mypy_extensions-0.4.3-py2.py3-none-any.whl", hash = "sha256:090fedd75945a69ae91ce1303b5824f428daf5a028d2f6ab8a299250a846f15d"},
    {file = "mypy_extensions-0.4.3.tar.gz", hash = "sha256:2d82818f5bb3e369420cb3c4060a7970edba416647068eb4c5343488a6c604a8"},
]

[[package]]
name = "nbswave"
version = "0.4.0"
description = "An utility to render note block songs to a variety of audio formats"
optional = false
python-versions = "<3.13,>=3.8"
files = [
    {file = "nbswave-0.4.0-py3-none-any.whl", hash = "sha256:d0a583cbb0c6406e62ca82a6caeb499731c6a59d2765a9bc803a82b3ec9334d0"},
    {file = "nbswave-0.4.0.tar.gz", hash = "sha256:dbac8353cfa8603356ad3ec41d2ba0247cb6530a36fd076d503c67bff9056fa5"},
]

[package.dependencies]
numpy = ">=1.23.1,<2.0.0"
pydub = ">=0.25.1,<0.26.0"
pynbs = ">=1.1.0,<2.0.0"

[[package]]
name = "numpy"
version = "1.23.1"
description = "NumPy is the fundamental package for array computing with Python."
optional = false
python-versions = ">=3.8"
files = [
    {file = "numpy-1.23.1-cp310-cp310-macosx_10_9_x86_64.whl", hash = "sha256:b15c3f1ed08df4980e02cc79ee058b788a3d0bef2fb3c9ca90bb8cbd5b8a3a04"},
    {file = "numpy-1.23.1-cp310-cp310-macosx_11_0_arm64.whl", hash = "sha256:9ce242162015b7e88092dccd0e854548c0926b75c7924a3495e02c6067aba1f5"},
    {file = "numpy-1.23.1-cp310-cp310-manylinux_2_17_aarch64.manylinux2014_aarch64.whl", hash = "sha256:e0d7447679ae9a7124385ccf0ea990bb85bb869cef217e2ea6c844b6a6855073"},
    {file = "numpy-1.23.1-cp310-cp310-manylinux_2_17_x86_64.manylinux2014_x86_64.whl", hash = "sha256:3119daed207e9410eaf57dcf9591fdc68045f60483d94956bee0bfdcba790953"},
    {file = "numpy-1.23.1-cp310-cp310-win32.whl", hash = "sha256:3ab67966c8d45d55a2bdf40701536af6443763907086c0a6d1232688e27e5447"},
    {file = "numpy-1.23.1-cp310-cp310-win_amd64.whl", hash = "sha256:1865fdf51446839ca3fffaab172461f2b781163f6f395f1aed256b1ddc253622"},
    {file = "numpy-1.23.1-cp38-cp38-macosx_10_9_x86_64.whl", hash = "sha256:aeba539285dcf0a1ba755945865ec61240ede5432df41d6e29fab305f4384db2"},
    {file = "numpy-1.23.1-cp38-cp38-macosx_11_0_arm64.whl", hash = "sha256:7e8229f3687cdadba2c4faef39204feb51ef7c1a9b669247d49a24f3e2e1617c"},
    {file = "numpy-1.23.1-cp38-cp38-manylinux_2_17_aarch64.manylinux2014_aarch64.whl", hash = "sha256:68b69f52e6545af010b76516f5daaef6173e73353e3295c5cb9f96c35d755641"},
    {file = "numpy-1.23.1-cp38-cp38-manylinux_2_17_x86_64.manylinux2014_x86_64.whl", hash = "sha256:1408c3527a74a0209c781ac82bde2182b0f0bf54dea6e6a363fe0cc4488a7ce7"},
    {file = "numpy-1.23.1-cp38-cp38-win32.whl", hash = "sha256:47f10ab202fe4d8495ff484b5561c65dd59177949ca07975663f4494f7269e3e"},
    {file = "numpy-1.23.1-cp38-cp38-win_amd64.whl", hash = "sha256:37e5ebebb0eb54c5b4a9b04e6f3018e16b8ef257d26c8945925ba8105008e645"},
    {file = "numpy-1.23.1-cp39-cp39-macosx_10_9_x86_64.whl", hash = "sha256:173f28921b15d341afadf6c3898a34f20a0569e4ad5435297ba262ee8941e77b"},
    {file = "numpy-1.23.1-cp39-cp39-macosx_11_0_arm64.whl", hash = "sha256:876f60de09734fbcb4e27a97c9a286b51284df1326b1ac5f1bf0ad3678236b22"},
    {file = "numpy-1.23.1-cp39-cp39-manylinux_2_17_aarch64.manylinux2014_aarch64.whl", hash = "sha256:35590b9c33c0f1c9732b3231bb6a72d1e4f77872390c47d50a615686ae7ed3fd"},
    {file = "numpy-1.23.1-cp39-cp39-manylinux_2_17_x86_64.manylinux2014_x86_64.whl", hash = "sha256:a35c4e64dfca659fe4d0f1421fc0f05b8ed1ca8c46fb73d9e5a7f175f85696bb"},
    {file = "numpy-1.23.1-cp39-cp39-win32.whl", hash = "sha256:c2f91f88230042a130ceb1b496932aa717dcbd665350beb821534c5c7e15881c"},
    {file = "numpy-1.23.1-cp39-cp39-win_amd64.whl", hash = "sha256:37ece2bd095e9781a7156852e43d18044fd0d742934833335599c583618181b9"},
    {file = "numpy-1.23.1-pp38-pypy38_pp73-macosx_10_9_x86_64.whl", hash = "sha256:8002574a6b46ac3b5739a003b5233376aeac5163e5dcd43dd7ad062f3e186129"},
    {file = "numpy-1.23.1-pp38-pypy38_pp73-manylinux_2_17_x86_64.manylinux2014_x86_64.whl", hash = "sha256:5d732d17b8a9061540a10fda5bfeabca5785700ab5469a5e9b93aca5e2d3a5fb"},
    {file = "numpy-1.23.1-pp38-pypy38_pp73-win_amd64.whl", hash = "sha256:55df0f7483b822855af67e38fb3a526e787adf189383b4934305565d71c4b148"},
    {file = "numpy-1.23.1.tar.gz", hash = "sha256:d748ef349bfef2e1194b59da37ed5a29c19ea8d7e6342019921ba2ba4fd8b624"},
]

[[package]]
name = "pathspec"
version = "0.9.0"
description = "Utility library for gitignore style pattern matching of file paths."
optional = false
python-versions = "!=3.0.*,!=3.1.*,!=3.2.*,!=3.3.*,!=3.4.*,>=2.7"
files = [
    {file = "pathspec-0.9.0-py2.py3-none-any.whl", hash = "sha256:7d15c4ddb0b5c802d161efc417ec1a2558ea2653c2e8ad9c19098201dc1c993a"},
    {file = "pathspec-0.9.0.tar.gz", hash = "sha256:e564499435a2673d586f6b2130bb5b95f04a3ba06f81b8f895b651a3c76aabb1"},
]

[[package]]
name = "platformdirs"
version = "2.5.2"
description = "A small Python module for determining appropriate platform-specific dirs, e.g. a \"user data dir\"."
optional = false
python-versions = ">=3.7"
files = [
    {file = "platformdirs-2.5.2-py3-none-any.whl", hash = "sha256:027d8e83a2d7de06bbac4e5ef7e023c02b863d7ea5d079477e722bb41ab25788"},
    {file = "platformdirs-2.5.2.tar.gz", hash = "sha256:58c8abb07dcb441e6ee4b11d8df0ac856038f944ab98b7be6b27b2a3c7feef19"},
]

[package.extras]
docs = ["furo (>=2021.7.5b38)", "proselint (>=0.10.2)", "sphinx (>=4)", "sphinx-autodoc-typehints (>=1.12)"]
test = ["appdirs (==1.4.4)", "pytest (>=6)", "pytest-cov (>=2.7)", "pytest-mock (>=3.6)"]

[[package]]
name = "pydub"
version = "0.25.1"
description = "Manipulate audio with an simple and easy high level interface"
optional = false
python-versions = "*"
files = [
    {file = "pydub-0.25.1-py2.py3-none-any.whl", hash = "sha256:65617e33033874b59d87db603aa1ed450633288aefead953b30bded59cb599a6"},
    {file = "pydub-0.25.1.tar.gz", hash = "sha256:980a33ce9949cab2a569606b65674d748ecbca4f0796887fd6f46173a7b0d30f"},
]

[[package]]
name = "pynbs"
version = "1.1.0"
description = "A simple python library to read and write .nbs files from Note Block Studio"
optional = false
python-versions = ">=3.8,<4.0"
files = [
    {file = "pynbs-1.1.0-py3-none-any.whl", hash = "sha256:1b25d2497af0f70e294a093ddef063d612baeb77fef0110cdf84638815061366"},
    {file = "pynbs-1.1.0.tar.gz", hash = "sha256:bc883de0b32dceaccf606b74d7a99a3ee7522d147bde3d8d3742ec0401b21759"},
]

[[package]]
name = "tomli"
version = "2.0.1"
description = "A lil' TOML parser"
optional = false
python-versions = ">=3.7"
files = [
    {file = "tomli-2.0.1-py3-none-any.whl", hash = "sha256:939de3e7a6161af0c887ef91b7d41a53e7c5a1ca976325f429cb46ea9bc30ecc"},
    {file = "tomli-2.0.1.tar.gz", hash = "sha256:de526c12914f0c550d15924c62d72abc48d6fe7364aa87328337a31007fe8a4f"},
]

[[package]]
name = "typing-extensions"
version = "4.3.0"
description = "Backported and Experimental Type Hints for Python 3.7+"
optional = false
python-versions = ">=3.7"
files = [
    {file = "typing_extensions-4.3.0-py3-none-any.whl", hash = "sha256:25642c956049920a5aa49edcdd6ab1e06d7e5d467fc00e0506c44ac86fbfca02"},
    {file = "typing_extensions-4.3.0.tar.gz", hash = "sha256:e6d2677a32f47fc7eb2795db1dd15c1f34eff616bcaf2cfb5e997f854fa1c4a6"},
]

[metadata]
lock-version = "2.0"
python-versions = "3.8.10"
content-hash = "8e385a63425121c7b527abd7fa6d0170d433ce259ad4c642be0722d51dd188ad"
